
Microsoft Visual Studio Solution File, Format Version 12.00
# Visual Studio Version 16
VisualStudioVersion = 16.0.30907.101
MinimumVisualStudioVersion = 10.0.40219.1
Project("{FAE04EC0-301F-11D3-BF4B-00C04F79EFBC}") = "UD18", "UD18\UD18.csproj", "{45AF5737-6DF5-4335-885B-DE4A5E717467}"
EndProject
Global
	GlobalSection(SolutionConfigurationPlatforms) = preSolution
		Debug|Any CPU = Debug|Any CPU
		Release|Any CPU = Release|Any CPU
	EndGlobalSection
	GlobalSection(ProjectConfigurationPlatforms) = postSolution
		{45AF5737-6DF5-4335-885B-DE4A5E717467}.Debug|Any CPU.ActiveCfg = Debug|Any CPU
		{45AF5737-6DF5-4335-885B-DE4A5E717467}.Debug|Any CPU.Build.0 = Debug|Any CPU
		{45AF5737-6DF5-4335-885B-DE4A5E717467}.Release|Any CPU.ActiveCfg = Release|Any CPU
		{45AF5737-6DF5-4335-885B-DE4A5E717467}.Release|Any CPU.Build.0 = Release|Any CPU
	EndGlobalSection
	GlobalSection(SolutionProperties) = preSolution
		HideSolutionNode = FALSE
	EndGlobalSection
	GlobalSection(ExtensibilityGlobals) = postSolution
		SolutionGuid = {4ABB549C-62DA-43D8-8DCF-0A5F17C4B4E7}
	EndGlobalSection
EndGlobal
